// !$*UTF8*$!
{
	archiveVersion = 1;
	classes = {
	};
	objectVersion = 46;
	objects = {

/* Begin PBXBuildFile section */
		0D28500618C50FC10040CE06 /* Foundation.framework in Frameworks */ = {isa = PBXBuildFile; fileRef = 0D28500518C50FC10040CE06 /* Foundation.framework */; };
		0D28500B18C50FC10040CE06 /* PPEncrypt.h in CopyFiles */ = {isa = PBXBuildFile; fileRef = 0D28500A18C50FC10040CE06 /* PPEncrypt.h */; };
		0D28500D18C50FC10040CE06 /* PPEncrypt.m in Sources */ = {isa = PBXBuildFile; fileRef = 0D28500C18C50FC10040CE06 /* PPEncrypt.m */; };
		0D28501418C50FC10040CE06 /* XCTest.framework in Frameworks */ = {isa = PBXBuildFile; fileRef = 0D28501318C50FC10040CE06 /* XCTest.framework */; };
		0D28501518C50FC10040CE06 /* Foundation.framework in Frameworks */ = {isa = PBXBuildFile; fileRef = 0D28500518C50FC10040CE06 /* Foundation.framework */; };
		0D28501718C50FC10040CE06 /* UIKit.framework in Frameworks */ = {isa = PBXBuildFile; fileRef = 0D28501618C50FC10040CE06 /* UIKit.framework */; };
		0D28501A18C50FC10040CE06 /* libPPEncrypt.a in Frameworks */ = {isa = PBXBuildFile; fileRef = 0D28500218C50FC10040CE06 /* libPPEncrypt.a */; };
		0D28502018C50FC10040CE06 /* InfoPlist.strings in Resources */ = {isa = PBXBuildFile; fileRef = 0D28501E18C50FC10040CE06 /* InfoPlist.strings */; };
		0D28502218C50FC10040CE06 /* PPEncryptTests.m in Sources */ = {isa = PBXBuildFile; fileRef = 0D28502118C50FC10040CE06 /* PPEncryptTests.m */; };
		AB1B1F0E191C184E0002610B /* PPKeyPair.m in Sources */ = {isa = PBXBuildFile; fileRef = AB1B1F0D191C184E0002610B /* PPKeyPair.m */; };
		AB36535D191D4AB300F3002F /* NSData+Digest.m in Sources */ = {isa = PBXBuildFile; fileRef = AB36535C191D4AB300F3002F /* NSData+Digest.m */; };
		AB365360191D556D00F3002F /* NSString+Digest.m in Sources */ = {isa = PBXBuildFile; fileRef = AB36535F191D556D00F3002F /* NSString+Digest.m */; };
		AB6329BA191D5AB600770EFC /* NSString+Digest.m in Sources */ = {isa = PBXBuildFile; fileRef = AB36535F191D556D00F3002F /* NSString+Digest.m */; };
		AB6329BB191D5AB600770EFC /* NSData+Digest.m in Sources */ = {isa = PBXBuildFile; fileRef = AB36535C191D4AB300F3002F /* NSData+Digest.m */; };
/* End PBXBuildFile section */

/* Begin PBXContainerItemProxy section */
		0D28501818C50FC10040CE06 /* PBXContainerItemProxy */ = {
			isa = PBXContainerItemProxy;
			containerPortal = 0D284FFA18C50FC00040CE06 /* Project object */;
			proxyType = 1;
			remoteGlobalIDString = 0D28500118C50FC10040CE06;
			remoteInfo = PPEncrypt;
		};
/* End PBXContainerItemProxy section */

/* Begin PBXCopyFilesBuildPhase section */
		0D28500018C50FC10040CE06 /* CopyFiles */ = {
			isa = PBXCopyFilesBuildPhase;
			buildActionMask = 2147483647;
			dstPath = "include/$(PRODUCT_NAME)";
			dstSubfolderSpec = 16;
			files = (
				0D28500B18C50FC10040CE06 /* PPEncrypt.h in CopyFiles */,
			);
			runOnlyForDeploymentPostprocessing = 0;
		};
/* End PBXCopyFilesBuildPhase section */

/* Begin PBXFileReference section */
		0D28500218C50FC10040CE06 /* libPPEncrypt.a */ = {isa = PBXFileReference; explicitFileType = archive.ar; includeInIndex = 0; path = libPPEncrypt.a; sourceTree = BUILT_PRODUCTS_DIR; };
		0D28500518C50FC10040CE06 /* Foundation.framework */ = {isa = PBXFileReference; lastKnownFileType = wrapper.framework; name = Foundation.framework; path = System/Library/Frameworks/Foundation.framework; sourceTree = SDKROOT; };
		0D28500918C50FC10040CE06 /* PPEncrypt-Prefix.pch */ = {isa = PBXFileReference; lastKnownFileType = sourcecode.c.h; path = "PPEncrypt-Prefix.pch"; sourceTree = "<group>"; };
		0D28500A18C50FC10040CE06 /* PPEncrypt.h */ = {isa = PBXFileReference; lastKnownFileType = sourcecode.c.h; path = PPEncrypt.h; sourceTree = "<group>"; };
		0D28500C18C50FC10040CE06 /* PPEncrypt.m */ = {isa = PBXFileReference; lastKnownFileType = sourcecode.c.objc; path = PPEncrypt.m; sourceTree = "<group>"; };
		0D28501218C50FC10040CE06 /* PPEncryptTests.xctest */ = {isa = PBXFileReference; explicitFileType = wrapper.cfbundle; includeInIndex = 0; path = PPEncryptTests.xctest; sourceTree = BUILT_PRODUCTS_DIR; };
		0D28501318C50FC10040CE06 /* XCTest.framework */ = {isa = PBXFileReference; lastKnownFileType = wrapper.framework; name = XCTest.framework; path = Library/Frameworks/XCTest.framework; sourceTree = DEVELOPER_DIR; };
		0D28501618C50FC10040CE06 /* UIKit.framework */ = {isa = PBXFileReference; lastKnownFileType = wrapper.framework; name = UIKit.framework; path = Library/Frameworks/UIKit.framework; sourceTree = DEVELOPER_DIR; };
		0D28501D18C50FC10040CE06 /* PPEncryptTests-Info.plist */ = {isa = PBXFileReference; lastKnownFileType = text.plist.xml; path = "PPEncryptTests-Info.plist"; sourceTree = "<group>"; };
		0D28501F18C50FC10040CE06 /* en */ = {isa = PBXFileReference; lastKnownFileType = text.plist.strings; name = en; path = en.lproj/InfoPlist.strings; sourceTree = "<group>"; };
		0D28502118C50FC10040CE06 /* PPEncryptTests.m */ = {isa = PBXFileReference; lastKnownFileType = sourcecode.c.objc; path = PPEncryptTests.m; sourceTree = "<group>"; };
		0D28502B18C50FD80040CE06 /* libcommonCrypto.dylib */ = {isa = PBXFileReference; lastKnownFileType = "compiled.mach-o.dylib"; name = libcommonCrypto.dylib; path = usr/lib/system/libcommonCrypto.dylib; sourceTree = SDKROOT; };
		AB1B1F0C191C184E0002610B /* PPKeyPair.h */ = {isa = PBXFileReference; fileEncoding = 4; lastKnownFileType = sourcecode.c.h; path = PPKeyPair.h; sourceTree = "<group>"; };
		AB1B1F0D191C184E0002610B /* PPKeyPair.m */ = {isa = PBXFileReference; fileEncoding = 4; lastKnownFileType = sourcecode.c.objc; path = PPKeyPair.m; sourceTree = "<group>"; };
		AB36535B191D4AB300F3002F /* NSData+Digest.h */ = {isa = PBXFileReference; fileEncoding = 4; lastKnownFileType = sourcecode.c.h; path = "NSData+Digest.h"; sourceTree = "<group>"; };
		AB36535C191D4AB300F3002F /* NSData+Digest.m */ = {isa = PBXFileReference; fileEncoding = 4; lastKnownFileType = sourcecode.c.objc; path = "NSData+Digest.m"; sourceTree = "<group>"; };
		AB36535E191D556D00F3002F /* NSString+Digest.h */ = {isa = PBXFileReference; fileEncoding = 4; lastKnownFileType = sourcecode.c.h; path = "NSString+Digest.h"; sourceTree = "<group>"; };
		AB36535F191D556D00F3002F /* NSString+Digest.m */ = {isa = PBXFileReference; fileEncoding = 4; lastKnownFileType = sourcecode.c.objc; path = "NSString+Digest.m"; sourceTree = "<group>"; };
/* End PBXFileReference section */

/* Begin PBXFrameworksBuildPhase section */
		0D284FFF18C50FC10040CE06 /* Frameworks */ = {
			isa = PBXFrameworksBuildPhase;
			buildActionMask = 2147483647;
			files = (
				0D28500618C50FC10040CE06 /* Foundation.framework in Frameworks */,
			);
			runOnlyForDeploymentPostprocessing = 0;
		};
		0D28500F18C50FC10040CE06 /* Frameworks */ = {
			isa = PBXFrameworksBuildPhase;
			buildActionMask = 2147483647;
			files = (
				0D28501418C50FC10040CE06 /* XCTest.framework in Frameworks */,
				0D28501A18C50FC10040CE06 /* libPPEncrypt.a in Frameworks */,
				0D28501718C50FC10040CE06 /* UIKit.framework in Frameworks */,
				0D28501518C50FC10040CE06 /* Foundation.framework in Frameworks */,
			);
			runOnlyForDeploymentPostprocessing = 0;
		};
/* End PBXFrameworksBuildPhase section */

/* Begin PBXGroup section */
		0D284FF918C50FC00040CE06 = {
			isa = PBXGroup;
			children = (
				0D28500718C50FC10040CE06 /* PPEncrypt */,
				0D28501B18C50FC10040CE06 /* PPEncryptTests */,
				0D28500418C50FC10040CE06 /* Frameworks */,
				0D28500318C50FC10040CE06 /* Products */,
			);
			sourceTree = "<group>";
		};
		0D28500318C50FC10040CE06 /* Products */ = {
			isa = PBXGroup;
			children = (
				0D28500218C50FC10040CE06 /* libPPEncrypt.a */,
				0D28501218C50FC10040CE06 /* PPEncryptTests.xctest */,
			);
			name = Products;
			sourceTree = "<group>";
		};
		0D28500418C50FC10040CE06 /* Frameworks */ = {
			isa = PBXGroup;
			children = (
				0D28502B18C50FD80040CE06 /* libcommonCrypto.dylib */,
				0D28500518C50FC10040CE06 /* Foundation.framework */,
				0D28501318C50FC10040CE06 /* XCTest.framework */,
				0D28501618C50FC10040CE06 /* UIKit.framework */,
			);
			name = Frameworks;
			sourceTree = "<group>";
		};
		0D28500718C50FC10040CE06 /* PPEncrypt */ = {
			isa = PBXGroup;
			children = (
				0D28500A18C50FC10040CE06 /* PPEncrypt.h */,
				0D28500C18C50FC10040CE06 /* PPEncrypt.m */,
				AB1B1F0C191C184E0002610B /* PPKeyPair.h */,
				AB1B1F0D191C184E0002610B /* PPKeyPair.m */,
				AB365361191D562300F3002F /* Categories */,
				0D28500818C50FC10040CE06 /* Supporting Files */,
			);
			path = PPEncrypt;
			sourceTree = "<group>";
		};
		0D28500818C50FC10040CE06 /* Supporting Files */ = {
			isa = PBXGroup;
			children = (
				0D28500918C50FC10040CE06 /* PPEncrypt-Prefix.pch */,
			);
			name = "Supporting Files";
			sourceTree = "<group>";
		};
		0D28501B18C50FC10040CE06 /* PPEncryptTests */ = {
			isa = PBXGroup;
			children = (
				0D28502118C50FC10040CE06 /* PPEncryptTests.m */,
				0D28501C18C50FC10040CE06 /* Supporting Files */,
			);
			path = PPEncryptTests;
			sourceTree = "<group>";
		};
		0D28501C18C50FC10040CE06 /* Supporting Files */ = {
			isa = PBXGroup;
			children = (
				0D28501D18C50FC10040CE06 /* PPEncryptTests-Info.plist */,
				0D28501E18C50FC10040CE06 /* InfoPlist.strings */,
			);
			name = "Supporting Files";
			sourceTree = "<group>";
		};
		AB365361191D562300F3002F /* Categories */ = {
			isa = PBXGroup;
			children = (
				AB36535E191D556D00F3002F /* NSString+Digest.h */,
				AB36535F191D556D00F3002F /* NSString+Digest.m */,
				AB36535B191D4AB300F3002F /* NSData+Digest.h */,
				AB36535C191D4AB300F3002F /* NSData+Digest.m */,
			);
			name = Categories;
			sourceTree = "<group>";
		};
/* End PBXGroup section */

/* Begin PBXNativeTarget section */
		0D28500118C50FC10040CE06 /* PPEncrypt */ = {
			isa = PBXNativeTarget;
			buildConfigurationList = 0D28502518C50FC10040CE06 /* Build configuration list for PBXNativeTarget "PPEncrypt" */;
			buildPhases = (
				0D284FFE18C50FC10040CE06 /* Sources */,
				0D284FFF18C50FC10040CE06 /* Frameworks */,
				0D28500018C50FC10040CE06 /* CopyFiles */,
			);
			buildRules = (
			);
			dependencies = (
			);
			name = PPEncrypt;
			productName = PPEncrypt;
			productReference = 0D28500218C50FC10040CE06 /* libPPEncrypt.a */;
			productType = "com.apple.product-type.library.static";
		};
		0D28501118C50FC10040CE06 /* PPEncryptTests */ = {
			isa = PBXNativeTarget;
			buildConfigurationList = 0D28502818C50FC10040CE06 /* Build configuration list for PBXNativeTarget "PPEncryptTests" */;
			buildPhases = (
				0D28500E18C50FC10040CE06 /* Sources */,
				0D28500F18C50FC10040CE06 /* Frameworks */,
				0D28501018C50FC10040CE06 /* Resources */,
			);
			buildRules = (
			);
			dependencies = (
				0D28501918C50FC10040CE06 /* PBXTargetDependency */,
			);
			name = PPEncryptTests;
			productName = PPEncryptTests;
			productReference = 0D28501218C50FC10040CE06 /* PPEncryptTests.xctest */;
			productType = "com.apple.product-type.bundle.unit-test";
		};
/* End PBXNativeTarget section */

/* Begin PBXProject section */
		0D284FFA18C50FC00040CE06 /* Project object */ = {
			isa = PBXProject;
			attributes = {
				LastUpgradeCheck = 0510;
				ORGANIZATIONNAME = "Alvarez Productions";
			};
			buildConfigurationList = 0D284FFD18C50FC00040CE06 /* Build configuration list for PBXProject "PPEncrypt" */;
			compatibilityVersion = "Xcode 3.2";
			developmentRegion = English;
			hasScannedForEncodings = 0;
			knownRegions = (
				en,
			);
			mainGroup = 0D284FF918C50FC00040CE06;
			productRefGroup = 0D28500318C50FC10040CE06 /* Products */;
			projectDirPath = "";
			projectRoot = "";
			targets = (
				0D28500118C50FC10040CE06 /* PPEncrypt */,
				0D28501118C50FC10040CE06 /* PPEncryptTests */,
			);
		};
/* End PBXProject section */

/* Begin PBXResourcesBuildPhase section */
		0D28501018C50FC10040CE06 /* Resources */ = {
			isa = PBXResourcesBuildPhase;
			buildActionMask = 2147483647;
			files = (
				0D28502018C50FC10040CE06 /* InfoPlist.strings in Resources */,
			);
			runOnlyForDeploymentPostprocessing = 0;
		};
/* End PBXResourcesBuildPhase section */

/* Begin PBXSourcesBuildPhase section */
		0D284FFE18C50FC10040CE06 /* Sources */ = {
			isa = PBXSourcesBuildPhase;
			buildActionMask = 2147483647;
			files = (
				0D28500D18C50FC10040CE06 /* PPEncrypt.m in Sources */,
				AB1B1F0E191C184E0002610B /* PPKeyPair.m in Sources */,
				AB365360191D556D00F3002F /* NSString+Digest.m in Sources */,
				AB36535D191D4AB300F3002F /* NSData+Digest.m in Sources */,
			);
			runOnlyForDeploymentPostprocessing = 0;
		};
		0D28500E18C50FC10040CE06 /* Sources */ = {
			isa = PBXSourcesBuildPhase;
			buildActionMask = 2147483647;
			files = (
				AB6329BA191D5AB600770EFC /* NSString+Digest.m in Sources */,
				AB6329BB191D5AB600770EFC /* NSData+Digest.m in Sources */,
				0D28502218C50FC10040CE06 /* PPEncryptTests.m in Sources */,
			);
			runOnlyForDeploymentPostprocessing = 0;
		};
/* End PBXSourcesBuildPhase section */

/* Begin PBXTargetDependency section */
		0D28501918C50FC10040CE06 /* PBXTargetDependency */ = {
			isa = PBXTargetDependency;
			target = 0D28500118C50FC10040CE06 /* PPEncrypt */;
			targetProxy = 0D28501818C50FC10040CE06 /* PBXContainerItemProxy */;
		};
/* End PBXTargetDependency section */

/* Begin PBXVariantGroup section */
		0D28501E18C50FC10040CE06 /* InfoPlist.strings */ = {
			isa = PBXVariantGroup;
			children = (
				0D28501F18C50FC10040CE06 /* en */,
			);
			name = InfoPlist.strings;
			sourceTree = "<group>";
		};
/* End PBXVariantGroup section */

/* Begin XCBuildConfiguration section */
		0D28502318C50FC10040CE06 /* Debug */ = {
			isa = XCBuildConfiguration;
			buildSettings = {
				ALWAYS_SEARCH_USER_PATHS = NO;
				CLANG_CXX_LANGUAGE_STANDARD = "gnu++0x";
				CLANG_CXX_LIBRARY = "libc++";
				CLANG_ENABLE_MODULES = YES;
				CLANG_ENABLE_OBJC_ARC = YES;
				CLANG_WARN_BOOL_CONVERSION = YES;
				CLANG_WARN_CONSTANT_CONVERSION = YES;
				CLANG_WARN_DIRECT_OBJC_ISA_USAGE = YES_ERROR;
				CLANG_WARN_EMPTY_BODY = YES;
				CLANG_WARN_ENUM_CONVERSION = YES;
				CLANG_WARN_INT_CONVERSION = YES;
				CLANG_WARN_OBJC_ROOT_CLASS = YES_ERROR;
				CLANG_WARN__DUPLICATE_METHOD_MATCH = YES;
				COPY_PHASE_STRIP = NO;
				GCC_C_LANGUAGE_STANDARD = gnu99;
				GCC_DYNAMIC_NO_PIC = NO;
				GCC_OPTIMIZATION_LEVEL = 0;
				GCC_PREPROCESSOR_DEFINITIONS = (
					"DEBUG=1",
					"$(inherited)",
				);
				GCC_SYMBOLS_PRIVATE_EXTERN = NO;
				GCC_WARN_64_TO_32_BIT_CONVERSION = YES;
				GCC_WARN_ABOUT_RETURN_TYPE = YES_ERROR;
				GCC_WARN_UNDECLARED_SELECTOR = YES;
				GCC_WARN_UNINITIALIZED_AUTOS = YES;
				GCC_WARN_UNUSED_FUNCTION = YES;
				GCC_WARN_UNUSED_VARIABLE = YES;
				IPHONEOS_DEPLOYMENT_TARGET = 7.0;
				ONLY_ACTIVE_ARCH = YES;
				SDKROOT = iphoneos;
			};
			name = Debug;
		};
		0D28502418C50FC10040CE06 /* Release */ = {
			isa = XCBuildConfiguration;
			buildSettings = {
				ALWAYS_SEARCH_USER_PATHS = NO;
				CLANG_CXX_LANGUAGE_STANDARD = "gnu++0x";
				CLANG_CXX_LIBRARY = "libc++";
				CLANG_ENABLE_MODULES = YES;
				CLANG_ENABLE_OBJC_ARC = YES;
				CLANG_WARN_BOOL_CONVERSION = YES;
				CLANG_WARN_CONSTANT_CONVERSION = YES;
				CLANG_WARN_DIRECT_OBJC_ISA_USAGE = YES_ERROR;
				CLANG_WARN_EMPTY_BODY = YES;
				CLANG_WARN_ENUM_CONVERSION = YES;
				CLANG_WARN_INT_CONVERSION = YES;
				CLANG_WARN_OBJC_ROOT_CLASS = YES_ERROR;
				CLANG_WARN__DUPLICATE_METHOD_MATCH = YES;
				COPY_PHASE_STRIP = YES;
				ENABLE_NS_ASSERTIONS = NO;
				GCC_C_LANGUAGE_STANDARD = gnu99;
				GCC_WARN_64_TO_32_BIT_CONVERSION = YES;
				GCC_WARN_ABOUT_RETURN_TYPE = YES_ERROR;
				GCC_WARN_UNDECLARED_SELECTOR = YES;
				GCC_WARN_UNINITIALIZED_AUTOS = YES;
				GCC_WARN_UNUSED_FUNCTION = YES;
				GCC_WARN_UNUSED_VARIABLE = YES;
				IPHONEOS_DEPLOYMENT_TARGET = 7.0;
				SDKROOT = iphoneos;
				VALIDATE_PRODUCT = YES;
			};
			name = Release;
		};
		0D28502618C50FC10040CE06 /* Debug */ = {
			isa = XCBuildConfiguration;
			buildSettings = {
				DSTROOT = /tmp/PPEncrypt.dst;
				GCC_PRECOMPILE_PREFIX_HEADER = YES;
				GCC_PREFIX_HEADER = "PPEncrypt/PPEncrypt-Prefix.pch";
				LIBRARY_SEARCH_PATHS = (
					"$(inherited)",
					"$(SDKROOT)/usr/lib/system",
				);
				OTHER_LDFLAGS = "";
				PRODUCT_NAME = "$(TARGET_NAME)";
				SKIP_INSTALL = YES;
			};
			name = Debug;
		};
		0D28502718C50FC10040CE06 /* Release */ = {
			isa = XCBuildConfiguration;
			buildSettings = {
				DSTROOT = /tmp/PPEncrypt.dst;
				GCC_PRECOMPILE_PREFIX_HEADER = YES;
				GCC_PREFIX_HEADER = "PPEncrypt/PPEncrypt-Prefix.pch";
				LIBRARY_SEARCH_PATHS = (
					"$(inherited)",
					"$(SDKROOT)/usr/lib/system",
				);
				OTHER_LDFLAGS = "";
				PRODUCT_NAME = "$(TARGET_NAME)";
				SKIP_INSTALL = YES;
			};
			name = Release;
		};
		0D28502918C50FC10040CE06 /* Debug */ = {
			isa = XCBuildConfiguration;
			buildSettings = {
				FRAMEWORK_SEARCH_PATHS = (
					"$(SDKROOT)/Developer/Library/Frameworks",
					"$(inherited)",
					"$(DEVELOPER_FRAMEWORKS_DIR)",
				);
				GCC_PRECOMPILE_PREFIX_HEADER = YES;
				GCC_PREFIX_HEADER = "PPEncrypt/PPEncrypt-Prefix.pch";
				GCC_PREPROCESSOR_DEFINITIONS = (
					"DEBUG=1",
					"$(inherited)",
				);
				INFOPLIST_FILE = "PPEncryptTests/PPEncryptTests-Info.plist";
				PRODUCT_NAME = "$(TARGET_NAME)";
				WRAPPER_EXTENSION = xctest;
			};
			name = Debug;
		};
		0D28502A18C50FC10040CE06 /* Release */ = {
			isa = XCBuildConfiguration;
			buildSettings = {
				FRAMEWORK_SEARCH_PATHS = (
					"$(SDKROOT)/Developer/Library/Frameworks",
					"$(inherited)",
					"$(DEVELOPER_FRAMEWORKS_DIR)",
				);
				GCC_PRECOMPILE_PREFIX_HEADER = YES;
				GCC_PREFIX_HEADER = "PPEncrypt/PPEncrypt-Prefix.pch";
				INFOPLIST_FILE = "PPEncryptTests/PPEncryptTests-Info.plist";
				PRODUCT_NAME = "$(TARGET_NAME)";
				WRAPPER_EXTENSION = xctest;
			};
			name = Release;
		};
/* End XCBuildConfiguration section */

/* Begin XCConfigurationList section */
		0D284FFD18C50FC00040CE06 /* Build configuration list for PBXProject "PPEncrypt" */ = {
			isa = XCConfigurationList;
			buildConfigurations = (
				0D28502318C50FC10040CE06 /* Debug */,
				0D28502418C50FC10040CE06 /* Release */,
			);
			defaultConfigurationIsVisible = 0;
			defaultConfigurationName = Release;
		};
		0D28502518C50FC10040CE06 /* Build configuration list for PBXNativeTarget "PPEncrypt" */ = {
			isa = XCConfigurationList;
			buildConfigurations = (
				0D28502618C50FC10040CE06 /* Debug */,
				0D28502718C50FC10040CE06 /* Release */,
			);
			defaultConfigurationIsVisible = 0;
			defaultConfigurationName = Release;
		};
		0D28502818C50FC10040CE06 /* Build configuration list for PBXNativeTarget "PPEncryptTests" */ = {
			isa = XCConfigurationList;
			buildConfigurations = (
				0D28502918C50FC10040CE06 /* Debug */,
				0D28502A18C50FC10040CE06 /* Release */,
			);
			defaultConfigurationIsVisible = 0;
			defaultConfigurationName = Release;
		};
/* End XCConfigurationList section */
	};
	rootObject = 0D284FFA18C50FC00040CE06 /* Project object */;
}
